# This file is generated by running "yarn install" inside your project.
# Manual changes might be lost - proceed with caution!

__metadata:
  version: 5
  cacheKey: 8

"@cspotcode/source-map-consumer@npm:0.8.0":
  version: 0.8.0
  resolution: "@cspotcode/source-map-consumer@npm:0.8.0"
  checksum: c0c16ca3d2f58898f1bd74c4f41a189dbcc202e642e60e489cbcc2e52419c4e89bdead02c886a12fb13ea37798ede9e562b2321df997ebc210ae9bd881561b4e
  languageName: node
  linkType: hard

"@cspotcode/source-map-support@npm:0.7.0":
  version: 0.7.0
  resolution: "@cspotcode/source-map-support@npm:0.7.0"
  dependencies:
    "@cspotcode/source-map-consumer": 0.8.0
  checksum: 9faddda7757cd778b5fd6812137b2cc265810043680d6399acc20441668fafcdc874053be9dccd0d9110087287bfad27eb3bf342f72bceca9aa9059f5d0c4be8
  languageName: node
  linkType: hard

"@divops/beta-my-sample@workspace:libraries/beta-my-sample":
  version: 0.0.0-use.local
  resolution: "@divops/beta-my-sample@workspace:libraries/beta-my-sample"
  dependencies:
    typescript: ^4.4.4
  languageName: unknown
  linkType: soft

"@divops/builder@workspace:^, @divops/builder@workspace:libraries/builder":
  version: 0.0.0-use.local
  resolution: "@divops/builder@workspace:libraries/builder"
  dependencies:
    "@swc/cli": ^0.1.52
    "@swc/core": ^1.2.112
    "@swc/register": ^0.1.7
    "@types/node": ^16.11.10
    clipanion: ^3.2.0-rc.4
    esbuild: ^0.14.0
    regenerator-runtime: ^0.13.9
    ts-node: ^10.4.0
    typescript: ^4.4.4
  bin:
    divops-build: ./bin/index.js
  languageName: unknown
  linkType: soft

"@divops/scaffolder@workspace:libraries/scaffolder":
  version: 0.0.0-use.local
  resolution: "@divops/scaffolder@workspace:libraries/scaffolder"
  dependencies:
    "@divops/builder": "workspace:^"
    typescript: ^4.4.4
  languageName: unknown
  linkType: soft

"@napi-rs/triples@npm:^1.0.3":
  version: 1.0.3
  resolution: "@napi-rs/triples@npm:1.0.3"
  checksum: c83a4cc55f69115bf4ce1d5924efce7f5faf2dc79fd52257385559f668ce91a03c5d7d004df01ebba56028a9b663955eb97f31b65ac0acff7a93c143f0d809af
  languageName: node
  linkType: hard

"@node-rs/helper@npm:^1.0.0":
  version: 1.2.1
  resolution: "@node-rs/helper@npm:1.2.1"
  dependencies:
    "@napi-rs/triples": ^1.0.3
  checksum: c7b96e46df8a4195e62e51b6f60ed05aff398653c270dc9cffaed749303a4c428215d5826de8511b57cf66f2b0165fb3544fb2aec2aaf385c13ac3b9468bb000
  languageName: node
  linkType: hard

"@nodelib/fs.scandir@npm:2.1.5":
  version: 2.1.5
  resolution: "@nodelib/fs.scandir@npm:2.1.5"
  dependencies:
    "@nodelib/fs.stat": 2.0.5
    run-parallel: ^1.1.9
  checksum: a970d595bd23c66c880e0ef1817791432dbb7acbb8d44b7e7d0e7a22f4521260d4a83f7f9fd61d44fda4610105577f8f58a60718105fb38352baed612fd79e59
  languageName: node
  linkType: hard

"@nodelib/fs.stat@npm:2.0.5, @nodelib/fs.stat@npm:^2.0.2":
  version: 2.0.5
  resolution: "@nodelib/fs.stat@npm:2.0.5"
  checksum: 012480b5ca9d97bff9261571dbbec7bbc6033f69cc92908bc1ecfad0792361a5a1994bc48674b9ef76419d056a03efadfce5a6cf6dbc0a36559571a7a483f6f0
  languageName: node
  linkType: hard

"@nodelib/fs.walk@npm:^1.2.3":
  version: 1.2.8
  resolution: "@nodelib/fs.walk@npm:1.2.8"
  dependencies:
    "@nodelib/fs.scandir": 2.1.5
    fastq: ^1.6.0
  checksum: 190c643f156d8f8f277bf2a6078af1ffde1fd43f498f187c2db24d35b4b4b5785c02c7dc52e356497b9a1b65b13edc996de08de0b961c32844364da02986dc53
  languageName: node
  linkType: hard

"@swc/cli@npm:^0.1.52":
  version: 0.1.52
  resolution: "@swc/cli@npm:0.1.52"
  dependencies:
    commander: ^7.1.0
    fast-glob: ^3.2.5
    slash: 3.0.0
    source-map: ^0.7.3
  peerDependencies:
    "@swc/core": ^1.2.66
    chokidar: ^3.5.1
  peerDependenciesMeta:
    chokidar:
      optional: true
  bin:
    spack: bin/spack.js
    swc: bin/swc.js
  checksum: f1fe91deeccb21c4e3c97637c8e463a334412bcd287fec487bcd3a75580a57592bfd1951ad94fe122bc72a1b20d4212b69f83f310369aba50f51ad90813683a7
  languageName: node
  linkType: hard

"@swc/core-android-arm64@npm:^1.2.112":
  version: 1.2.112
  resolution: "@swc/core-android-arm64@npm:1.2.112"
  conditions: os=android & cpu=arm64
  languageName: node
  linkType: hard

"@swc/core-darwin-arm64@npm:^1.2.112":
  version: 1.2.112
  resolution: "@swc/core-darwin-arm64@npm:1.2.112"
  conditions: os=darwin & cpu=arm64
  languageName: node
  linkType: hard

"@swc/core-darwin-x64@npm:^1.2.112":
  version: 1.2.112
  resolution: "@swc/core-darwin-x64@npm:1.2.112"
  conditions: os=darwin & cpu=x64
  languageName: node
  linkType: hard

"@swc/core-freebsd-x64@npm:^1.2.112":
  version: 1.2.112
  resolution: "@swc/core-freebsd-x64@npm:1.2.112"
  conditions: os=freebsd & cpu=x64
  languageName: node
  linkType: hard

"@swc/core-linux-arm-gnueabihf@npm:^1.2.112":
  version: 1.2.112
  resolution: "@swc/core-linux-arm-gnueabihf@npm:1.2.112"
  conditions: os=linux & cpu=arm
  languageName: node
  linkType: hard

"@swc/core-linux-arm64-gnu@npm:^1.2.112":
  version: 1.2.112
  resolution: "@swc/core-linux-arm64-gnu@npm:1.2.112"
  conditions: os=linux & cpu=arm64
  languageName: node
  linkType: hard

"@swc/core-linux-arm64-musl@npm:^1.2.112":
  version: 1.2.112
  resolution: "@swc/core-linux-arm64-musl@npm:1.2.112"
  conditions: os=linux & cpu=arm64
  languageName: node
  linkType: hard

"@swc/core-linux-x64-gnu@npm:^1.2.112":
  version: 1.2.112
  resolution: "@swc/core-linux-x64-gnu@npm:1.2.112"
  conditions: os=linux & cpu=x64
  languageName: node
  linkType: hard

"@swc/core-linux-x64-musl@npm:^1.2.112":
  version: 1.2.112
  resolution: "@swc/core-linux-x64-musl@npm:1.2.112"
  conditions: os=linux & cpu=x64
  languageName: node
  linkType: hard

"@swc/core-win32-arm64-msvc@npm:^1.2.112":
  version: 1.2.112
  resolution: "@swc/core-win32-arm64-msvc@npm:1.2.112"
  conditions: os=win32 & cpu=arm64
  languageName: node
  linkType: hard

"@swc/core-win32-ia32-msvc@npm:^1.2.112":
  version: 1.2.112
  resolution: "@swc/core-win32-ia32-msvc@npm:1.2.112"
  conditions: os=win32 & cpu=ia32
  languageName: node
  linkType: hard

"@swc/core-win32-x64-msvc@npm:^1.2.112":
  version: 1.2.112
  resolution: "@swc/core-win32-x64-msvc@npm:1.2.112"
  conditions: os=win32 & cpu=x64
  languageName: node
  linkType: hard

"@swc/core@npm:^1.2.112":
  version: 1.2.112
  resolution: "@swc/core@npm:1.2.112"
  dependencies:
    "@node-rs/helper": ^1.0.0
    "@swc/core-android-arm64": ^1.2.112
    "@swc/core-darwin-arm64": ^1.2.112
    "@swc/core-darwin-x64": ^1.2.112
    "@swc/core-freebsd-x64": ^1.2.112
    "@swc/core-linux-arm-gnueabihf": ^1.2.112
    "@swc/core-linux-arm64-gnu": ^1.2.112
    "@swc/core-linux-arm64-musl": ^1.2.112
    "@swc/core-linux-x64-gnu": ^1.2.112
    "@swc/core-linux-x64-musl": ^1.2.112
    "@swc/core-win32-arm64-msvc": ^1.2.112
    "@swc/core-win32-ia32-msvc": ^1.2.112
    "@swc/core-win32-x64-msvc": ^1.2.112
  dependenciesMeta:
    "@swc/core-android-arm64":
      optional: true
    "@swc/core-darwin-arm64":
      optional: true
    "@swc/core-darwin-x64":
      optional: true
    "@swc/core-freebsd-x64":
      optional: true
    "@swc/core-linux-arm-gnueabihf":
      optional: true
    "@swc/core-linux-arm64-gnu":
      optional: true
    "@swc/core-linux-arm64-musl":
      optional: true
    "@swc/core-linux-x64-gnu":
      optional: true
    "@swc/core-linux-x64-musl":
      optional: true
    "@swc/core-win32-arm64-msvc":
      optional: true
    "@swc/core-win32-ia32-msvc":
      optional: true
    "@swc/core-win32-x64-msvc":
      optional: true
  checksum: 4e60e542db515c3d68f76f813db920e7fb752499f221f86f46cb7f8fdb46648dfbce7959066e2fbcb4cc782bf43d1156649da71e7d99941949d15a0f14b7635f
  languageName: node
  linkType: hard

"@swc/register@npm:^0.1.7":
  version: 0.1.7
  resolution: "@swc/register@npm:0.1.7"
  dependencies:
    lodash.clonedeep: ^4.5.0
    lodash.escaperegexp: ^4.1.2
    pirates: ^4.0.1
    source-map-support: ^0.5.13
  peerDependencies:
    "@swc/core": ^1.0.46
  bin:
    swc-node: ./bin/swc-node
  checksum: 4ae59c299598cfbd29d25610bee9e757cfc2fde6dd51c6a3cfa94b59b727014dc1ab64292bdb6a0e6ddd6c4e9171f374d9e4659ec6910215537ba7bcd8d31672
  languageName: node
  linkType: hard

"@tsconfig/node10@npm:^1.0.7":
  version: 1.0.8
  resolution: "@tsconfig/node10@npm:1.0.8"
  checksum: b8d5fffbc6b17ef64ef74f7fdbccee02a809a063ade785c3648dae59406bc207f70ea2c4296f92749b33019fa36a5ae716e42e49cc7f1bbf0fd147be0d6b970a
  languageName: node
  linkType: hard

"@tsconfig/node12@npm:^1.0.7":
  version: 1.0.9
  resolution: "@tsconfig/node12@npm:1.0.9"
  checksum: a01b2400ab3582b86b589c6d31dcd0c0656f333adecde85d6d7d4086adb059808b82692380bb169546d189bf771ae21d02544a75b57bd6da4a5dd95f8567bec9
  languageName: node
  linkType: hard

"@tsconfig/node14@npm:^1.0.0":
  version: 1.0.1
  resolution: "@tsconfig/node14@npm:1.0.1"
  checksum: 976345e896c0f059867f94f8d0f6ddb8b1844fb62bf36b727de8a9a68f024857e5db97ed51d3325e23e0616a5e48c034ff51a8d595b3fe7e955f3587540489be
  languageName: node
  linkType: hard

"@tsconfig/node16@npm:^1.0.2":
  version: 1.0.2
  resolution: "@tsconfig/node16@npm:1.0.2"
  checksum: ca94d3639714672bbfd55f03521d3f56bb6a25479bd425da81faf21f13e1e9d15f40f97377dedbbf477a5841c5b0c8f4cd1b391f33553d750b9202c54c2c07aa
  languageName: node
  linkType: hard

"@types/node@npm:^16.11.10":
  version: 16.11.10
  resolution: "@types/node@npm:16.11.10"
  checksum: 9c79419c5c3d92d5825bffa30f3668533f598d8b63a73ea7fc24e47f162bdbed92b0f8e4f4261cc3314b39cee050e303366d2aa154abc95c63a572a110b8c160
  languageName: node
  linkType: hard

"acorn-walk@npm:^8.1.1":
  version: 8.2.0
  resolution: "acorn-walk@npm:8.2.0"
  checksum: 1715e76c01dd7b2d4ca472f9c58968516a4899378a63ad5b6c2d668bba8da21a71976c14ec5f5b75f887b6317c4ae0b897ab141c831d741dc76024d8745f1ad1
  languageName: node
  linkType: hard

"acorn@npm:^8.4.1":
  version: 8.6.0
  resolution: "acorn@npm:8.6.0"
  bin:
    acorn: bin/acorn
  checksum: 9d0de73b73cb6ea8ccd8263a8144d9e2c4b6af90ea0c429997538af0ebbe83c5addecee814b2a7f91f7f615d0bd1547cc7137b3fa236ce058adc64feccee850b
  languageName: node
  linkType: hard

"arg@npm:^4.1.0":
  version: 4.1.3
  resolution: "arg@npm:4.1.3"
  checksum: 544af8dd3f60546d3e4aff084d451b96961d2267d668670199692f8d054f0415d86fc5497d0e641e91546f0aa920e7c29e5250e99fc89f5552a34b5d93b77f43
  languageName: node
  linkType: hard

"braces@npm:^3.0.1":
  version: 3.0.2
  resolution: "braces@npm:3.0.2"
  dependencies:
    fill-range: ^7.0.1
  checksum: e2a8e769a863f3d4ee887b5fe21f63193a891c68b612ddb4b68d82d1b5f3ff9073af066c343e9867a393fe4c2555dcb33e89b937195feb9c1613d259edfcd459
  languageName: node
  linkType: hard

"buffer-from@npm:^1.0.0":
  version: 1.1.2
  resolution: "buffer-from@npm:1.1.2"
  checksum: 0448524a562b37d4d7ed9efd91685a5b77a50672c556ea254ac9a6d30e3403a517d8981f10e565db24e8339413b43c97ca2951f10e399c6125a0d8911f5679bb
  languageName: node
  linkType: hard

"clipanion@npm:^3.2.0-rc.4":
  version: 3.2.0-rc.4
  resolution: "clipanion@npm:3.2.0-rc.4"
  dependencies:
    typanion: ^3.3.1
  peerDependencies:
    typanion: "*"
  checksum: c9d8ba9e16dca3016c32f42107a7602c52c9176626e0c815113c32b614ca125a9707221ec9df9c0a06e9741a23e0664153db1522c4f80b29f4b4d427fba002be
  languageName: node
  linkType: hard

"commander@npm:^7.1.0":
  version: 7.2.0
  resolution: "commander@npm:7.2.0"
  checksum: 53501cbeee61d5157546c0bef0fedb6cdfc763a882136284bed9a07225f09a14b82d2a84e7637edfd1a679fb35ed9502fd58ef1d091e6287f60d790147f68ddc
  languageName: node
  linkType: hard

"create-require@npm:^1.1.0":
  version: 1.1.1
  resolution: "create-require@npm:1.1.1"
  checksum: a9a1503d4390d8b59ad86f4607de7870b39cad43d929813599a23714831e81c520bddf61bcdd1f8e30f05fd3a2b71ae8538e946eb2786dc65c2bbc520f692eff
  languageName: node
  linkType: hard

"diff@npm:^4.0.1":
  version: 4.0.2
  resolution: "diff@npm:4.0.2"
  checksum: f2c09b0ce4e6b301c221addd83bf3f454c0bc00caa3dd837cf6c127d6edf7223aa2bbe3b688feea110b7f262adbfc845b757c44c8a9f8c0c5b15d8fa9ce9d20d
  languageName: node
  linkType: hard

"divops-libraries@workspace:.":
  version: 0.0.0-use.local
  resolution: "divops-libraries@workspace:."
  dependencies:
    "@divops/builder": "workspace:^"
    typescript: ^4.5.2
  languageName: unknown
  linkType: soft

"esbuild-android-arm64@npm:0.14.0":
  version: 0.14.0
  resolution: "esbuild-android-arm64@npm:0.14.0"
  conditions: os=android & cpu=arm64
  languageName: node
  linkType: hard

"esbuild-darwin-64@npm:0.14.0":
  version: 0.14.0
  resolution: "esbuild-darwin-64@npm:0.14.0"
  conditions: os=darwin & cpu=x64
  languageName: node
  linkType: hard

"esbuild-darwin-arm64@npm:0.14.0":
  version: 0.14.0
  resolution: "esbuild-darwin-arm64@npm:0.14.0"
  conditions: os=darwin & cpu=arm64
  languageName: node
  linkType: hard

"esbuild-freebsd-64@npm:0.14.0":
  version: 0.14.0
  resolution: "esbuild-freebsd-64@npm:0.14.0"
  conditions: os=freebsd & cpu=x64
  languageName: node
  linkType: hard

"esbuild-freebsd-arm64@npm:0.14.0":
  version: 0.14.0
  resolution: "esbuild-freebsd-arm64@npm:0.14.0"
  conditions: os=freebsd & cpu=arm64
  languageName: node
  linkType: hard

"esbuild-linux-32@npm:0.14.0":
  version: 0.14.0
  resolution: "esbuild-linux-32@npm:0.14.0"
  conditions: os=linux & cpu=ia32
  languageName: node
  linkType: hard

"esbuild-linux-64@npm:0.14.0":
  version: 0.14.0
  resolution: "esbuild-linux-64@npm:0.14.0"
  conditions: os=linux & cpu=x64
  languageName: node
  linkType: hard

"esbuild-linux-arm64@npm:0.14.0":
  version: 0.14.0
  resolution: "esbuild-linux-arm64@npm:0.14.0"
  conditions: os=linux & cpu=arm64
  languageName: node
  linkType: hard

"esbuild-linux-arm@npm:0.14.0":
  version: 0.14.0
  resolution: "esbuild-linux-arm@npm:0.14.0"
  conditions: os=linux & cpu=arm
  languageName: node
  linkType: hard

"esbuild-linux-mips64le@npm:0.14.0":
  version: 0.14.0
  resolution: "esbuild-linux-mips64le@npm:0.14.0"
  conditions: os=linux & cpu=mips64el
  languageName: node
  linkType: hard

"esbuild-linux-ppc64le@npm:0.14.0":
  version: 0.14.0
  resolution: "esbuild-linux-ppc64le@npm:0.14.0"
  conditions: os=linux & cpu=ppc64
  languageName: node
  linkType: hard

"esbuild-netbsd-64@npm:0.14.0":
  version: 0.14.0
  resolution: "esbuild-netbsd-64@npm:0.14.0"
  conditions: os=netbsd & cpu=x64
  languageName: node
  linkType: hard

"esbuild-openbsd-64@npm:0.14.0":
  version: 0.14.0
  resolution: "esbuild-openbsd-64@npm:0.14.0"
  conditions: os=openbsd & cpu=x64
  languageName: node
  linkType: hard

"esbuild-sunos-64@npm:0.14.0":
  version: 0.14.0
  resolution: "esbuild-sunos-64@npm:0.14.0"
  conditions: os=sunos & cpu=x64
  languageName: node
  linkType: hard

"esbuild-windows-32@npm:0.14.0":
  version: 0.14.0
  resolution: "esbuild-windows-32@npm:0.14.0"
  conditions: os=win32 & cpu=ia32
  languageName: node
  linkType: hard

"esbuild-windows-64@npm:0.14.0":
  version: 0.14.0
  resolution: "esbuild-windows-64@npm:0.14.0"
  conditions: os=win32 & cpu=x64
  languageName: node
  linkType: hard

"esbuild-windows-arm64@npm:0.14.0":
  version: 0.14.0
  resolution: "esbuild-windows-arm64@npm:0.14.0"
  conditions: os=win32 & cpu=arm64
  languageName: node
  linkType: hard

"esbuild@npm:^0.14.0":
  version: 0.14.0
  resolution: "esbuild@npm:0.14.0"
  dependencies:
    esbuild-android-arm64: 0.14.0
    esbuild-darwin-64: 0.14.0
    esbuild-darwin-arm64: 0.14.0
    esbuild-freebsd-64: 0.14.0
    esbuild-freebsd-arm64: 0.14.0
    esbuild-linux-32: 0.14.0
    esbuild-linux-64: 0.14.0
    esbuild-linux-arm: 0.14.0
    esbuild-linux-arm64: 0.14.0
    esbuild-linux-mips64le: 0.14.0
    esbuild-linux-ppc64le: 0.14.0
    esbuild-netbsd-64: 0.14.0
    esbuild-openbsd-64: 0.14.0
    esbuild-sunos-64: 0.14.0
    esbuild-windows-32: 0.14.0
    esbuild-windows-64: 0.14.0
    esbuild-windows-arm64: 0.14.0
  dependenciesMeta:
    esbuild-android-arm64:
      optional: true
    esbuild-darwin-64:
      optional: true
    esbuild-darwin-arm64:
      optional: true
    esbuild-freebsd-64:
      optional: true
    esbuild-freebsd-arm64:
      optional: true
    esbuild-linux-32:
      optional: true
    esbuild-linux-64:
      optional: true
    esbuild-linux-arm:
      optional: true
    esbuild-linux-arm64:
      optional: true
    esbuild-linux-mips64le:
      optional: true
    esbuild-linux-ppc64le:
      optional: true
    esbuild-netbsd-64:
      optional: true
    esbuild-openbsd-64:
      optional: true
    esbuild-sunos-64:
      optional: true
    esbuild-windows-32:
      optional: true
    esbuild-windows-64:
      optional: true
    esbuild-windows-arm64:
      optional: true
  bin:
    esbuild: bin/esbuild
  checksum: c1cefab5e2ae4d78bcd50024e58b92fc79bee865ecf62b325e5919d9fc6352ca09efff48fd9c8a605f2cea458ab3b486c2c9c5cbbff32bd2d9b03495cd3c0d10
  languageName: node
  linkType: hard

"fast-glob@npm:^3.2.5":
  version: 3.2.7
  resolution: "fast-glob@npm:3.2.7"
  dependencies:
    "@nodelib/fs.stat": ^2.0.2
    "@nodelib/fs.walk": ^1.2.3
    glob-parent: ^5.1.2
    merge2: ^1.3.0
    micromatch: ^4.0.4
  checksum: 2f4708ff112d2b451888129fdd9a0938db88b105b0ddfd043c064e3c4d3e20eed8d7c7615f7565fee660db34ddcf08a2db1bf0ab3c00b87608e4719694642d78
  languageName: node
  linkType: hard

"fastq@npm:^1.6.0":
  version: 1.13.0
  resolution: "fastq@npm:1.13.0"
  dependencies:
    reusify: ^1.0.4
  checksum: 32cf15c29afe622af187d12fc9cd93e160a0cb7c31a3bb6ace86b7dea3b28e7b72acde89c882663f307b2184e14782c6c664fa315973c03626c7d4bff070bb0b
  languageName: node
  linkType: hard

"fill-range@npm:^7.0.1":
  version: 7.0.1
  resolution: "fill-range@npm:7.0.1"
  dependencies:
    to-regex-range: ^5.0.1
  checksum: cc283f4e65b504259e64fd969bcf4def4eb08d85565e906b7d36516e87819db52029a76b6363d0f02d0d532f0033c9603b9e2d943d56ee3b0d4f7ad3328ff917
  languageName: node
  linkType: hard

"glob-parent@npm:^5.1.2":
  version: 5.1.2
  resolution: "glob-parent@npm:5.1.2"
  dependencies:
    is-glob: ^4.0.1
  checksum: f4f2bfe2425296e8a47e36864e4f42be38a996db40420fe434565e4480e3322f18eb37589617a98640c5dc8fdec1a387007ee18dbb1f3f5553409c34d17f425e
  languageName: node
  linkType: hard

"is-extglob@npm:^2.1.1":
  version: 2.1.1
  resolution: "is-extglob@npm:2.1.1"
  checksum: df033653d06d0eb567461e58a7a8c9f940bd8c22274b94bf7671ab36df5719791aae15eef6d83bbb5e23283967f2f984b8914559d4449efda578c775c4be6f85
  languageName: node
  linkType: hard

"is-glob@npm:^4.0.1":
  version: 4.0.3
  resolution: "is-glob@npm:4.0.3"
  dependencies:
    is-extglob: ^2.1.1
  checksum: d381c1319fcb69d341cc6e6c7cd588e17cd94722d9a32dbd60660b993c4fb7d0f19438674e68dfec686d09b7c73139c9166b47597f846af387450224a8101ab4
  languageName: node
  linkType: hard

"is-number@npm:^7.0.0":
  version: 7.0.0
  resolution: "is-number@npm:7.0.0"
  checksum: 456ac6f8e0f3111ed34668a624e45315201dff921e5ac181f8ec24923b99e9f32ca1a194912dc79d539c97d33dba17dc635202ff0b2cf98326f608323276d27a
  languageName: node
  linkType: hard

"lodash.clonedeep@npm:^4.5.0":
  version: 4.5.0
  resolution: "lodash.clonedeep@npm:4.5.0"
  checksum: 92c46f094b064e876a23c97f57f81fbffd5d760bf2d8a1c61d85db6d1e488c66b0384c943abee4f6af7debf5ad4e4282e74ff83177c9e63d8ff081a4837c3489
  languageName: node
  linkType: hard

"lodash.escaperegexp@npm:^4.1.2":
  version: 4.1.2
  resolution: "lodash.escaperegexp@npm:4.1.2"
  checksum: 6d99452b1cfd6073175a9b741a9b09ece159eac463f86f02ea3bee2e2092923fce812c8d2bf446309cc52d1d61bf9af51c8118b0d7421388e6cead7bd3798f0f
  languageName: node
  linkType: hard

"make-error@npm:^1.1.1":
  version: 1.3.6
  resolution: "make-error@npm:1.3.6"
  checksum: b86e5e0e25f7f777b77fabd8e2cbf15737972869d852a22b7e73c17623928fccb826d8e46b9951501d3f20e51ad74ba8c59ed584f610526a48f8ccf88aaec402
  languageName: node
  linkType: hard

"merge2@npm:^1.3.0":
  version: 1.4.1
  resolution: "merge2@npm:1.4.1"
  checksum: 7268db63ed5169466540b6fb947aec313200bcf6d40c5ab722c22e242f651994619bcd85601602972d3c85bd2cc45a358a4c61937e9f11a061919a1da569b0c2
  languageName: node
  linkType: hard

"micromatch@npm:^4.0.4":
  version: 4.0.4
  resolution: "micromatch@npm:4.0.4"
  dependencies:
    braces: ^3.0.1
    picomatch: ^2.2.3
  checksum: ef3d1c88e79e0a68b0e94a03137676f3324ac18a908c245a9e5936f838079fcc108ac7170a5fadc265a9c2596963462e402841406bda1a4bb7b68805601d631c
  languageName: node
  linkType: hard

"node-modules-regexp@npm:^1.0.0":
  version: 1.0.0
  resolution: "node-modules-regexp@npm:1.0.0"
  checksum: 99541903536c5ce552786f0fca7f06b88df595e62e423c21fa86a1674ee2363dad1f7482d1bec20b4bd9fa5f262f88e6e5cb788fc56411113f2fe2e97783a3a7
  languageName: node
  linkType: hard

"picomatch@npm:^2.2.3":
  version: 2.3.0
  resolution: "picomatch@npm:2.3.0"
  checksum: 16818720ea7c5872b6af110760dee856c8e4cd79aed1c7a006d076b1cc09eff3ae41ca5019966694c33fbd2e1cc6ea617ab10e4adac6df06556168f13be3fca2
  languageName: node
  linkType: hard

"pirates@npm:^4.0.1":
  version: 4.0.1
  resolution: "pirates@npm:4.0.1"
  dependencies:
    node-modules-regexp: ^1.0.0
  checksum: 091e232aac19f0049a681838fa9fcb4af824b5b1eb0e9325aa07b9d13245bfe3e4fa57a7766b9fdcd19cb89f2c15c688b46023be3047cb288023a0c079d3b2a3
  languageName: node
  linkType: hard

"queue-microtask@npm:^1.2.2":
  version: 1.2.3
  resolution: "queue-microtask@npm:1.2.3"
  checksum: b676f8c040cdc5b12723ad2f91414d267605b26419d5c821ff03befa817ddd10e238d22b25d604920340fd73efd8ba795465a0377c4adf45a4a41e4234e42dc4
  languageName: node
  linkType: hard

"regenerator-runtime@npm:^0.13.9":
  version: 0.13.9
  resolution: "regenerator-runtime@npm:0.13.9"
  checksum: 65ed455fe5afd799e2897baf691ca21c2772e1a969d19bb0c4695757c2d96249eb74ee3553ea34a91062b2a676beedf630b4c1551cc6299afb937be1426ec55e
  languageName: node
  linkType: hard

"reusify@npm:^1.0.4":
  version: 1.0.4
  resolution: "reusify@npm:1.0.4"
  checksum: c3076ebcc22a6bc252cb0b9c77561795256c22b757f40c0d8110b1300723f15ec0fc8685e8d4ea6d7666f36c79ccc793b1939c748bf36f18f542744a4e379fcc
  languageName: node
  linkType: hard

"run-parallel@npm:^1.1.9":
  version: 1.2.0
  resolution: "run-parallel@npm:1.2.0"
  dependencies:
    queue-microtask: ^1.2.2
  checksum: cb4f97ad25a75ebc11a8ef4e33bb962f8af8516bb2001082ceabd8902e15b98f4b84b4f8a9b222e5d57fc3bd1379c483886ed4619367a7680dad65316993021d
  languageName: node
  linkType: hard

"slash@npm:3.0.0":
  version: 3.0.0
  resolution: "slash@npm:3.0.0"
  checksum: 94a93fff615f25a999ad4b83c9d5e257a7280c90a32a7cb8b4a87996e4babf322e469c42b7f649fd5796edd8687652f3fb452a86dc97a816f01113183393f11c
  languageName: node
  linkType: hard

"source-map-support@npm:^0.5.13":
  version: 0.5.21
  resolution: "source-map-support@npm:0.5.21"
  dependencies:
    buffer-from: ^1.0.0
    source-map: ^0.6.0
  checksum: 43e98d700d79af1d36f859bdb7318e601dfc918c7ba2e98456118ebc4c4872b327773e5a1df09b0524e9e5063bb18f0934538eace60cca2710d1fa687645d137
  languageName: node
  linkType: hard

"source-map@npm:^0.6.0":
  version: 0.6.1
  resolution: "source-map@npm:0.6.1"
  checksum: 59ce8640cf3f3124f64ac289012c2b8bd377c238e316fb323ea22fbfe83da07d81e000071d7242cad7a23cd91c7de98e4df8830ec3f133cb6133a5f6e9f67bc2
  languageName: node
  linkType: hard

"source-map@npm:^0.7.3":
  version: 0.7.3
  resolution: "source-map@npm:0.7.3"
  checksum: cd24efb3b8fa69b64bf28e3c1b1a500de77e84260c5b7f2b873f88284df17974157cc88d386ee9b6d081f08fdd8242f3fc05c953685a6ad81aad94c7393dedea
  languageName: node
  linkType: hard

"to-regex-range@npm:^5.0.1":
  version: 5.0.1
  resolution: "to-regex-range@npm:5.0.1"
  dependencies:
    is-number: ^7.0.0
  checksum: f76fa01b3d5be85db6a2a143e24df9f60dd047d151062d0ba3df62953f2f697b16fe5dad9b0ac6191c7efc7b1d9dcaa4b768174b7b29da89d4428e64bc0a20ed
  languageName: node
  linkType: hard

"ts-node@npm:^10.4.0":
  version: 10.4.0
  resolution: "ts-node@npm:10.4.0"
  dependencies:
    "@cspotcode/source-map-support": 0.7.0
    "@tsconfig/node10": ^1.0.7
    "@tsconfig/node12": ^1.0.7
    "@tsconfig/node14": ^1.0.0
    "@tsconfig/node16": ^1.0.2
    acorn: ^8.4.1
    acorn-walk: ^8.1.1
    arg: ^4.1.0
    create-require: ^1.1.0
    diff: ^4.0.1
    make-error: ^1.1.1
    yn: 3.1.1
  peerDependencies:
    "@swc/core": ">=1.2.50"
    "@swc/wasm": ">=1.2.50"
    "@types/node": "*"
    typescript: ">=2.7"
  peerDependenciesMeta:
    "@swc/core":
      optional: true
    "@swc/wasm":
      optional: true
  bin:
    ts-node: dist/bin.js
    ts-node-cwd: dist/bin-cwd.js
    ts-node-script: dist/bin-script.js
    ts-node-transpile-only: dist/bin-transpile.js
    ts-script: dist/bin-script-deprecated.js
  checksum: 3933ac0a937d33c45e04a6750fcdd3e765eb2897d1da1307cd97ac52af093bcfb632ec0453a75000a65c8b5b7bdb32b1077050a186dcc556e62657cb592e6d49
  languageName: node
  linkType: hard

"typanion@npm:^3.3.1":
  version: 3.7.1
  resolution: "typanion@npm:3.7.1"
  checksum: 79f396a960167956999b585eb9f0baa61c79455c680778dd950261e73bf6465f5a38779cc176142099c7fbf440d578b44664632bb1e3e41769199278751d7d92
  languageName: node
  linkType: hard

"typescript@npm:^4.4.4, typescript@npm:^4.5.2":
  version: 4.5.2
  resolution: "typescript@npm:4.5.2"
  bin:
    tsc: bin/tsc
    tsserver: bin/tsserver
  checksum: 74f9ce65d532bdf5d0214b3f60cf37992180023388c87a11ee6f838a803067ef0b63c600fa501b0deb07f989257dce1e244c9635ed79feca40bbccf6e0aa1ebc
  languageName: node
  linkType: hard

"typescript@patch:typescript@^4.4.4#~builtin<compat/typescript>, typescript@patch:typescript@^4.5.2#~builtin<compat/typescript>":
  version: 4.5.2
  resolution: "typescript@patch:typescript@npm%3A4.5.2#~builtin<compat/typescript>::version=4.5.2&hash=493e53"
  bin:
    tsc: bin/tsc
    tsserver: bin/tsserver
  checksum: 53838d56aba6fcc947d63aa0771e5d966b1b648fddafed6e221d7f38c71219c4e036ece8cfe9e35ed80cf5a35ff4eb958934c993f99c3233773ec4f9ccd53f69
  languageName: node
  linkType: hard

"yn@npm:3.1.1":
  version: 3.1.1
  resolution: "yn@npm:3.1.1"
  checksum: 2c487b0e149e746ef48cda9f8bad10fc83693cd69d7f9dcd8be4214e985de33a29c9e24f3c0d6bcf2288427040a8947406ab27f7af67ee9456e6b84854f02dd6
  languageName: node
  linkType: hard
